// !$*UTF8*$!
{
	archiveVersion = 1;
	classes = {
	};
	objectVersion = 46;
	objects = {

/* Begin PBXBuildFile section */
		3F559791213E96F900FB6B16 /* RLM_User.swift in Sources */ = {isa = PBXBuildFile; fileRef = 3F559790213E96F900FB6B16 /* RLM_User.swift */; };
		3F559793213F6B1300FB6B16 /* RealmMigration.swift in Sources */ = {isa = PBXBuildFile; fileRef = 3F559792213F6B1200FB6B16 /* RealmMigration.swift */; };
		3F559796213F6ED000FB6B16 /* DoubleExtension.swift in Sources */ = {isa = PBXBuildFile; fileRef = 3F559795213F6ED000FB6B16 /* DoubleExtension.swift */; };
		3F55979A213F7E8D00FB6B16 /* Helper.swift in Sources */ = {isa = PBXBuildFile; fileRef = 3F559799213F7E8D00FB6B16 /* Helper.swift */; };
		3FC54710213E89ED0075C76C /* LoginViewController.swift in Sources */ = {isa = PBXBuildFile; fileRef = 3FC5470F213E89ED0075C76C /* LoginViewController.swift */; };
		3FD3378B213DF14E002D18FF /* imageTableViewCell.swift in Sources */ = {isa = PBXBuildFile; fileRef = 3FD33783213DF14D002D18FF /* imageTableViewCell.swift */; };
		3FD3378C213DF14E002D18FF /* ContactsDetiaViewController.swift in Sources */ = {isa = PBXBuildFile; fileRef = 3FD33784213DF14D002D18FF /* ContactsDetiaViewController.swift */; };
		3FD3378D213DF14E002D18FF /* MyCoffeeTableViewCell.swift in Sources */ = {isa = PBXBuildFile; fileRef = 3FD33785213DF14D002D18FF /* MyCoffeeTableViewCell.swift */; };
		3FD3378E213DF14E002D18FF /* ProfileViewController.swift in Sources */ = {isa = PBXBuildFile; fileRef = 3FD33786213DF14D002D18FF /* ProfileViewController.swift */; };
		3FD3378F213DF14E002D18FF /* cellTableViewCell.swift in Sources */ = {isa = PBXBuildFile; fileRef = 3FD33787213DF14E002D18FF /* cellTableViewCell.swift */; };
		3FD33790213DF14E002D18FF /* MyCoffeeViewController.swift in Sources */ = {isa = PBXBuildFile; fileRef = 3FD33788213DF14E002D18FF /* MyCoffeeViewController.swift */; };
		3FD33791213DF14E002D18FF /* CoffeeCardViewController.swift in Sources */ = {isa = PBXBuildFile; fileRef = 3FD33789213DF14E002D18FF /* CoffeeCardViewController.swift */; };
		3FD33792213DF14E002D18FF /* ContactsDetialTableViewCell.swift in Sources */ = {isa = PBXBuildFile; fileRef = 3FD3378A213DF14E002D18FF /* ContactsDetialTableViewCell.swift */; };
		5FD728261BAE782F0065B71A /* QRcodeViewController.swift in Sources */ = {isa = PBXBuildFile; fileRef = 5FD728251BAE782F0065B71A /* QRcodeViewController.swift */; };
		5FD728281BAE7B6D0065B71A /* ShowQroceViewController.swift in Sources */ = {isa = PBXBuildFile; fileRef = 5FD728271BAE7B6D0065B71A /* ShowQroceViewController.swift */; };
		64C4E1617A6F93975E4C2B9C /* Pods_Coffee_LuguoUITests.framework in Frameworks */ = {isa = PBXBuildFile; fileRef = ACA6E1BCCE04559B352D09ED /* Pods_Coffee_LuguoUITests.framework */; };
		A8FF2BFCA503C36E65E43424 /* Pods_Coffee_Luguo.framework in Frameworks */ = {isa = PBXBuildFile; fileRef = 15DCC55131F2579407ABBDFB /* Pods_Coffee_Luguo.framework */; };
		AC1A9FD01BAD2E0A00221043 /* AppDelegate.swift in Sources */ = {isa = PBXBuildFile; fileRef = AC1A9FCF1BAD2E0A00221043 /* AppDelegate.swift */; };
		AC1A9FD21BAD2E0A00221043 /* ViewController.swift in Sources */ = {isa = PBXBuildFile; fileRef = AC1A9FD11BAD2E0A00221043 /* ViewController.swift */; };
		AC1A9FD51BAD2E0A00221043 /* Main.storyboard in Resources */ = {isa = PBXBuildFile; fileRef = AC1A9FD31BAD2E0A00221043 /* Main.storyboard */; };
		AC1A9FDA1BAD2E0A00221043 /* Assets.xcassets in Resources */ = {isa = PBXBuildFile; fileRef = AC1A9FD91BAD2E0A00221043 /* Assets.xcassets */; };
		AC1A9FDD1BAD2E0A00221043 /* LaunchScreen.storyboard in Resources */ = {isa = PBXBuildFile; fileRef = AC1A9FDB1BAD2E0A00221043 /* LaunchScreen.storyboard */; };
		AC1A9FE81BAD2E0A00221043 /* Coffee_LuguoTests.swift in Sources */ = {isa = PBXBuildFile; fileRef = AC1A9FE71BAD2E0A00221043 /* Coffee_LuguoTests.swift */; };
		AC1A9FF31BAD2E0A00221043 /* Coffee_LuguoUITests.swift in Sources */ = {isa = PBXBuildFile; fileRef = AC1A9FF21BAD2E0A00221043 /* Coffee_LuguoUITests.swift */; };
		AC5DC1D51BAD517700D01AF6 /* IntroViewController.swift in Sources */ = {isa = PBXBuildFile; fileRef = AC5DC1D41BAD517700D01AF6 /* IntroViewController.swift */; };
		AC5DC1D71BAD518A00D01AF6 /* QuestViewController.swift in Sources */ = {isa = PBXBuildFile; fileRef = AC5DC1D61BAD518A00D01AF6 /* QuestViewController.swift */; };
		AC5DC21A1BAD6C1100D01AF6 /* YTPlayerView-iframe-player.html in Resources */ = {isa = PBXBuildFile; fileRef = AC5DC2141BAD6C1100D01AF6 /* YTPlayerView-iframe-player.html */; };
		AC5DC21B1BAD6C1100D01AF6 /* YTPlayerView.m in Sources */ = {isa = PBXBuildFile; fileRef = AC5DC2171BAD6C1100D01AF6 /* YTPlayerView.m */; };
		AC5DC21C1BAD6C1100D01AF6 /* LICENSE in Resources */ = {isa = PBXBuildFile; fileRef = AC5DC2181BAD6C1100D01AF6 /* LICENSE */; };
		AC5DC21D1BAD6C1100D01AF6 /* README.md in Sources */ = {isa = PBXBuildFile; fileRef = AC5DC2191BAD6C1100D01AF6 /* README.md */; };
		AC5DC21F1BAD8E1C00D01AF6 /* ResultViewController.swift in Sources */ = {isa = PBXBuildFile; fileRef = AC5DC21E1BAD8E1C00D01AF6 /* ResultViewController.swift */; };
		E1965FA44A75EA0E0F0E8289 /* Pods_Coffee_LuguoTests.framework in Frameworks */ = {isa = PBXBuildFile; fileRef = 6AE1CCED159E600B22AAE6B0 /* Pods_Coffee_LuguoTests.framework */; };
/* End PBXBuildFile section */

/* Begin PBXContainerItemProxy section */
		AC1A9FE41BAD2E0A00221043 /* PBXContainerItemProxy */ = {
			isa = PBXContainerItemProxy;
			containerPortal = AC1A9FC41BAD2E0A00221043 /* Project object */;
			proxyType = 1;
			remoteGlobalIDString = AC1A9FCB1BAD2E0A00221043;
			remoteInfo = "Coffee Luguo";
		};
		AC1A9FEF1BAD2E0A00221043 /* PBXContainerItemProxy */ = {
			isa = PBXContainerItemProxy;
			containerPortal = AC1A9FC41BAD2E0A00221043 /* Project object */;
			proxyType = 1;
			remoteGlobalIDString = AC1A9FCB1BAD2E0A00221043;
			remoteInfo = "Coffee Luguo";
		};
/* End PBXContainerItemProxy section */

/* Begin PBXFileReference section */
		11B80776503F901D40FBA613 /* Pods-Coffee LuguoTests.debug.xcconfig */ = {isa = PBXFileReference; includeInIndex = 1; lastKnownFileType = text.xcconfig; name = "Pods-Coffee LuguoTests.debug.xcconfig"; path = "Pods/Target Support Files/Pods-Coffee LuguoTests/Pods-Coffee LuguoTests.debug.xcconfig"; sourceTree = "<group>"; };
		15DCC55131F2579407ABBDFB /* Pods_Coffee_Luguo.framework */ = {isa = PBXFileReference; explicitFileType = wrapper.framework; includeInIndex = 0; path = Pods_Coffee_Luguo.framework; sourceTree = BUILT_PRODUCTS_DIR; };
		1798146D4E86845176B63A4D /* Pods-Coffee LuguoUITests.debug.xcconfig */ = {isa = PBXFileReference; includeInIndex = 1; lastKnownFileType = text.xcconfig; name = "Pods-Coffee LuguoUITests.debug.xcconfig"; path = "Pods/Target Support Files/Pods-Coffee LuguoUITests/Pods-Coffee LuguoUITests.debug.xcconfig"; sourceTree = "<group>"; };
		3F4C1A91213DF64A00233F4E /* CoreGraphics.framework */ = {isa = PBXFileReference; lastKnownFileType = wrapper.framework; name = CoreGraphics.framework; path = System/Library/Frameworks/CoreGraphics.framework; sourceTree = SDKROOT; };
		3F4C1A92213DF64A00233F4E /* CFNetwork.framework */ = {isa = PBXFileReference; lastKnownFileType = wrapper.framework; name = CFNetwork.framework; path = System/Library/Frameworks/CFNetwork.framework; sourceTree = SDKROOT; };
		3F4C1A93213DF64B00233F4E /* SystemConfiguration.framework */ = {isa = PBXFileReference; lastKnownFileType = wrapper.framework; name = SystemConfiguration.framework; path = System/Library/Frameworks/SystemConfiguration.framework; sourceTree = SDKROOT; };
		3F4C1A94213DF64B00233F4E /* AudioToolbox.framework */ = {isa = PBXFileReference; lastKnownFileType = wrapper.framework; name = AudioToolbox.framework; path = System/Library/Frameworks/AudioToolbox.framework; sourceTree = SDKROOT; };
		3F4C1A95213DF64B00233F4E /* CoreLocation.framework */ = {isa = PBXFileReference; lastKnownFileType = wrapper.framework; name = CoreLocation.framework; path = System/Library/Frameworks/CoreLocation.framework; sourceTree = SDKROOT; };
		3F4C1A96213DF64B00233F4E /* Security.framework */ = {isa = PBXFileReference; lastKnownFileType = wrapper.framework; name = Security.framework; path = System/Library/Frameworks/Security.framework; sourceTree = SDKROOT; };
		3F4C1A97213DF64B00233F4E /* StoreKit.framework */ = {isa = PBXFileReference; lastKnownFileType = wrapper.framework; name = StoreKit.framework; path = System/Library/Frameworks/StoreKit.framework; sourceTree = SDKROOT; };
		3F4C1A98213DF64B00233F4E /* QuartzCore.framework */ = {isa = PBXFileReference; lastKnownFileType = wrapper.framework; name = QuartzCore.framework; path = System/Library/Frameworks/QuartzCore.framework; sourceTree = SDKROOT; };
		3F4C1A99213DF65900233F4E /* libsqlite3.tbd */ = {isa = PBXFileReference; lastKnownFileType = "sourcecode.text-based-dylib-definition"; name = libsqlite3.tbd; path = usr/lib/libsqlite3.tbd; sourceTree = SDKROOT; };
		3F4C1A9A213DF65900233F4E /* libz.tbd */ = {isa = PBXFileReference; lastKnownFileType = "sourcecode.text-based-dylib-definition"; name = libz.tbd; path = usr/lib/libz.tbd; sourceTree = SDKROOT; };
		3F559790213E96F900FB6B16 /* RLM_User.swift */ = {isa = PBXFileReference; lastKnownFileType = sourcecode.swift; path = RLM_User.swift; sourceTree = "<group>"; };
		3F559792213F6B1200FB6B16 /* RealmMigration.swift */ = {isa = PBXFileReference; fileEncoding = 4; lastKnownFileType = sourcecode.swift; path = RealmMigration.swift; sourceTree = "<group>"; };
		3F559795213F6ED000FB6B16 /* DoubleExtension.swift */ = {isa = PBXFileReference; fileEncoding = 4; lastKnownFileType = sourcecode.swift; path = DoubleExtension.swift; sourceTree = "<group>"; };
		3F559799213F7E8D00FB6B16 /* Helper.swift */ = {isa = PBXFileReference; lastKnownFileType = sourcecode.swift; path = Helper.swift; sourceTree = "<group>"; };
		3FC5470F213E89ED0075C76C /* LoginViewController.swift */ = {isa = PBXFileReference; lastKnownFileType = sourcecode.swift; path = LoginViewController.swift; sourceTree = "<group>"; };
		3FD33783213DF14D002D18FF /* imageTableViewCell.swift */ = {isa = PBXFileReference; fileEncoding = 4; lastKnownFileType = sourcecode.swift; path = imageTableViewCell.swift; sourceTree = "<group>"; };
		3FD33784213DF14D002D18FF /* ContactsDetiaViewController.swift */ = {isa = PBXFileReference; fileEncoding = 4; lastKnownFileType = sourcecode.swift; path = ContactsDetiaViewController.swift; sourceTree = "<group>"; };
		3FD33785213DF14D002D18FF /* MyCoffeeTableViewCell.swift */ = {isa = PBXFileReference; fileEncoding = 4; lastKnownFileType = sourcecode.swift; path = MyCoffeeTableViewCell.swift; sourceTree = "<group>"; };
		3FD33786213DF14D002D18FF /* ProfileViewController.swift */ = {isa = PBXFileReference; fileEncoding = 4; lastKnownFileType = sourcecode.swift; path = ProfileViewController.swift; sourceTree = "<group>"; };
		3FD33787213DF14E002D18FF /* cellTableViewCell.swift */ = {isa = PBXFileReference; fileEncoding = 4; lastKnownFileType = sourcecode.swift; path = cellTableViewCell.swift; sourceTree = "<group>"; };
		3FD33788213DF14E002D18FF /* MyCoffeeViewController.swift */ = {isa = PBXFileReference; fileEncoding = 4; lastKnownFileType = sourcecode.swift; path = MyCoffeeViewController.swift; sourceTree = "<group>"; };
		3FD33789213DF14E002D18FF /* CoffeeCardViewController.swift */ = {isa = PBXFileReference; fileEncoding = 4; lastKnownFileType = sourcecode.swift; path = CoffeeCardViewController.swift; sourceTree = "<group>"; };
		3FD3378A213DF14E002D18FF /* ContactsDetialTableViewCell.swift */ = {isa = PBXFileReference; fileEncoding = 4; lastKnownFileType = sourcecode.swift; path = ContactsDetialTableViewCell.swift; sourceTree = "<group>"; };
		59ED8DE3BAE0E0ED926DDA6F /* Pods-Coffee Luguo.release.xcconfig */ = {isa = PBXFileReference; includeInIndex = 1; lastKnownFileType = text.xcconfig; name = "Pods-Coffee Luguo.release.xcconfig"; path = "Pods/Target Support Files/Pods-Coffee Luguo/Pods-Coffee Luguo.release.xcconfig"; sourceTree = "<group>"; };
		5F75E96D1BADF20300A07C75 /* Paws-Bridging-Header.h */ = {isa = PBXFileReference; fileEncoding = 4; lastKnownFileType = sourcecode.c.h; path = "Paws-Bridging-Header.h"; sourceTree = "<group>"; };
		5FD728251BAE782F0065B71A /* QRcodeViewController.swift */ = {isa = PBXFileReference; fileEncoding = 4; lastKnownFileType = sourcecode.swift; path = QRcodeViewController.swift; sourceTree = "<group>"; };
		5FD728271BAE7B6D0065B71A /* ShowQroceViewController.swift */ = {isa = PBXFileReference; fileEncoding = 4; lastKnownFileType = sourcecode.swift; path = ShowQroceViewController.swift; sourceTree = "<group>"; };
		6AE1CCED159E600B22AAE6B0 /* Pods_Coffee_LuguoTests.framework */ = {isa = PBXFileReference; explicitFileType = wrapper.framework; includeInIndex = 0; path = Pods_Coffee_LuguoTests.framework; sourceTree = BUILT_PRODUCTS_DIR; };
		77248E62258093E6A22AA33E /* Pods-Coffee Luguo.debug.xcconfig */ = {isa = PBXFileReference; includeInIndex = 1; lastKnownFileType = text.xcconfig; name = "Pods-Coffee Luguo.debug.xcconfig"; path = "Pods/Target Support Files/Pods-Coffee Luguo/Pods-Coffee Luguo.debug.xcconfig"; sourceTree = "<group>"; };
		82538998FEB18DF429C60A79 /* Pods-Coffee LuguoUITests.release.xcconfig */ = {isa = PBXFileReference; includeInIndex = 1; lastKnownFileType = text.xcconfig; name = "Pods-Coffee LuguoUITests.release.xcconfig"; path = "Pods/Target Support Files/Pods-Coffee LuguoUITests/Pods-Coffee LuguoUITests.release.xcconfig"; sourceTree = "<group>"; };
		AC1A9FCC1BAD2E0A00221043 /* Coffee Luguo.app */ = {isa = PBXFileReference; explicitFileType = wrapper.application; includeInIndex = 0; path = "Coffee Luguo.app"; sourceTree = BUILT_PRODUCTS_DIR; };
		AC1A9FCF1BAD2E0A00221043 /* AppDelegate.swift */ = {isa = PBXFileReference; lastKnownFileType = sourcecode.swift; path = AppDelegate.swift; sourceTree = "<group>"; };
		AC1A9FD11BAD2E0A00221043 /* ViewController.swift */ = {isa = PBXFileReference; lastKnownFileType = sourcecode.swift; path = ViewController.swift; sourceTree = "<group>"; };
		AC1A9FD41BAD2E0A00221043 /* Base */ = {isa = PBXFileReference; lastKnownFileType = file.storyboard; name = Base; path = Base.lproj/Main.storyboard; sourceTree = "<group>"; };
		AC1A9FD91BAD2E0A00221043 /* Assets.xcassets */ = {isa = PBXFileReference; lastKnownFileType = folder.assetcatalog; path = Assets.xcassets; sourceTree = "<group>"; };
		AC1A9FDC1BAD2E0A00221043 /* Base */ = {isa = PBXFileReference; lastKnownFileType = file.storyboard; name = Base; path = Base.lproj/LaunchScreen.storyboard; sourceTree = "<group>"; };
		AC1A9FDE1BAD2E0A00221043 /* Info.plist */ = {isa = PBXFileReference; lastKnownFileType = text.plist.xml; path = Info.plist; sourceTree = "<group>"; };
		AC1A9FE31BAD2E0A00221043 /* Coffee LuguoTests.xctest */ = {isa = PBXFileReference; explicitFileType = wrapper.cfbundle; includeInIndex = 0; path = "Coffee LuguoTests.xctest"; sourceTree = BUILT_PRODUCTS_DIR; };
		AC1A9FE71BAD2E0A00221043 /* Coffee_LuguoTests.swift */ = {isa = PBXFileReference; lastKnownFileType = sourcecode.swift; path = Coffee_LuguoTests.swift; sourceTree = "<group>"; };
		AC1A9FE91BAD2E0A00221043 /* Info.plist */ = {isa = PBXFileReference; lastKnownFileType = text.plist.xml; path = Info.plist; sourceTree = "<group>"; };
		AC1A9FEE1BAD2E0A00221043 /* Coffee LuguoUITests.xctest */ = {isa = PBXFileReference; explicitFileType = wrapper.cfbundle; includeInIndex = 0; path = "Coffee LuguoUITests.xctest"; sourceTree = BUILT_PRODUCTS_DIR; };
		AC1A9FF21BAD2E0A00221043 /* Coffee_LuguoUITests.swift */ = {isa = PBXFileReference; lastKnownFileType = sourcecode.swift; path = Coffee_LuguoUITests.swift; sourceTree = "<group>"; };
		AC1A9FF41BAD2E0A00221043 /* Info.plist */ = {isa = PBXFileReference; lastKnownFileType = text.plist.xml; path = Info.plist; sourceTree = "<group>"; };
		AC1AA0001BAD356900221043 /* Parse.framework */ = {isa = PBXFileReference; lastKnownFileType = wrapper.framework; path = Parse.framework; sourceTree = "<group>"; };
		AC1AA0161BAD35FC00221043 /* libz.tbd */ = {isa = PBXFileReference; lastKnownFileType = "sourcecode.text-based-dylib-definition"; name = libz.tbd; path = usr/lib/libz.tbd; sourceTree = SDKROOT; };
		AC1AA0181BAD362700221043 /* libsqlite3.tbd */ = {isa = PBXFileReference; lastKnownFileType = "sourcecode.text-based-dylib-definition"; name = libsqlite3.tbd; path = usr/lib/libsqlite3.tbd; sourceTree = SDKROOT; };
		AC5DC1D41BAD517700D01AF6 /* IntroViewController.swift */ = {isa = PBXFileReference; fileEncoding = 4; lastKnownFileType = sourcecode.swift; path = IntroViewController.swift; sourceTree = "<group>"; };
		AC5DC1D61BAD518A00D01AF6 /* QuestViewController.swift */ = {isa = PBXFileReference; fileEncoding = 4; lastKnownFileType = sourcecode.swift; path = QuestViewController.swift; sourceTree = "<group>"; };
		AC5DC1D81BAD585A00D01AF6 /* Header-Bridge.h */ = {isa = PBXFileReference; lastKnownFileType = sourcecode.c.h; path = "Header-Bridge.h"; sourceTree = "<group>"; };
		AC5DC2141BAD6C1100D01AF6 /* YTPlayerView-iframe-player.html */ = {isa = PBXFileReference; fileEncoding = 4; lastKnownFileType = text.html; path = "YTPlayerView-iframe-player.html"; sourceTree = "<group>"; };
		AC5DC2161BAD6C1100D01AF6 /* YTPlayerView.h */ = {isa = PBXFileReference; fileEncoding = 4; lastKnownFileType = sourcecode.c.h; path = YTPlayerView.h; sourceTree = "<group>"; };
		AC5DC2171BAD6C1100D01AF6 /* YTPlayerView.m */ = {isa = PBXFileReference; fileEncoding = 4; lastKnownFileType = sourcecode.c.objc; path = YTPlayerView.m; sourceTree = "<group>"; };
		AC5DC2181BAD6C1100D01AF6 /* LICENSE */ = {isa = PBXFileReference; fileEncoding = 4; lastKnownFileType = text; path = LICENSE; sourceTree = "<group>"; };
		AC5DC2191BAD6C1100D01AF6 /* README.md */ = {isa = PBXFileReference; fileEncoding = 4; lastKnownFileType = net.daringfireball.markdown; path = README.md; sourceTree = "<group>"; };
		AC5DC21E1BAD8E1C00D01AF6 /* ResultViewController.swift */ = {isa = PBXFileReference; fileEncoding = 4; lastKnownFileType = sourcecode.swift; path = ResultViewController.swift; sourceTree = "<group>"; };
		ACA6E1BCCE04559B352D09ED /* Pods_Coffee_LuguoUITests.framework */ = {isa = PBXFileReference; explicitFileType = wrapper.framework; includeInIndex = 0; path = Pods_Coffee_LuguoUITests.framework; sourceTree = BUILT_PRODUCTS_DIR; };
		ADC08E2D94C38F4AB9284523 /* Pods-Coffee LuguoTests.release.xcconfig */ = {isa = PBXFileReference; includeInIndex = 1; lastKnownFileType = text.xcconfig; name = "Pods-Coffee LuguoTests.release.xcconfig"; path = "Pods/Target Support Files/Pods-Coffee LuguoTests/Pods-Coffee LuguoTests.release.xcconfig"; sourceTree = "<group>"; };
/* End PBXFileReference section */

/* Begin PBXFrameworksBuildPhase section */
		AC1A9FC91BAD2E0A00221043 /* Frameworks */ = {
			isa = PBXFrameworksBuildPhase;
			buildActionMask = 2147483647;
			files = (
				A8FF2BFCA503C36E65E43424 /* Pods_Coffee_Luguo.framework in Frameworks */,
			);
			runOnlyForDeploymentPostprocessing = 0;
		};
		AC1A9FE01BAD2E0A00221043 /* Frameworks */ = {
			isa = PBXFrameworksBuildPhase;
			buildActionMask = 2147483647;
			files = (
				E1965FA44A75EA0E0F0E8289 /* Pods_Coffee_LuguoTests.framework in Frameworks */,
			);
			runOnlyForDeploymentPostprocessing = 0;
		};
		AC1A9FEB1BAD2E0A00221043 /* Frameworks */ = {
			isa = PBXFrameworksBuildPhase;
			buildActionMask = 2147483647;
			files = (
				64C4E1617A6F93975E4C2B9C /* Pods_Coffee_LuguoUITests.framework in Frameworks */,
			);
			runOnlyForDeploymentPostprocessing = 0;
		};
/* End PBXFrameworksBuildPhase section */

/* Begin PBXGroup section */
		3F077761213E1E2E003F8D59 /* 提問區 */ = {
			isa = PBXGroup;
			children = (
				AC5DC1D61BAD518A00D01AF6 /* QuestViewController.swift */,
			);
			path = "提問區";
			sourceTree = "<group>";
		};
		3F077762213E1E39003F8D59 /* 會員區 */ = {
			isa = PBXGroup;
			children = (
				3F077763213E21EB003F8D59 /* Cell */,
				3FD33786213DF14D002D18FF /* ProfileViewController.swift */,
				3FD33784213DF14D002D18FF /* ContactsDetiaViewController.swift */,
				3FD33789213DF14E002D18FF /* CoffeeCardViewController.swift */,
				3FD33788213DF14E002D18FF /* MyCoffeeViewController.swift */,
			);
			path = "會員區";
			sourceTree = "<group>";
		};
		3F077763213E21EB003F8D59 /* Cell */ = {
			isa = PBXGroup;
			children = (
				3FD33787213DF14E002D18FF /* cellTableViewCell.swift */,
				3FD33783213DF14D002D18FF /* imageTableViewCell.swift */,
				3FD33785213DF14D002D18FF /* MyCoffeeTableViewCell.swift */,
				3FD3378A213DF14E002D18FF /* ContactsDetialTableViewCell.swift */,
			);
			path = Cell;
			sourceTree = "<group>";
		};
		3F42D682213E24B400BE59D1 /* QRcode */ = {
			isa = PBXGroup;
			children = (
				5FD728271BAE7B6D0065B71A /* ShowQroceViewController.swift */,
				5FD728251BAE782F0065B71A /* QRcodeViewController.swift */,
			);
			path = QRcode;
			sourceTree = "<group>";
		};
		3F55978E213E96C400FB6B16 /* Model */ = {
			isa = PBXGroup;
			children = (
				3F559798213F7E6E00FB6B16 /* Utility */,
				3F559794213F6EC100FB6B16 /* Extension */,
				3F55978F213E96D200FB6B16 /* RealmModel */,
			);
			path = Model;
			sourceTree = "<group>";
		};
		3F55978F213E96D200FB6B16 /* RealmModel */ = {
			isa = PBXGroup;
			children = (
				3F559792213F6B1200FB6B16 /* RealmMigration.swift */,
				3F559790213E96F900FB6B16 /* RLM_User.swift */,
			);
			path = RealmModel;
			sourceTree = "<group>";
		};
		3F559794213F6EC100FB6B16 /* Extension */ = {
			isa = PBXGroup;
			children = (
				3F559795213F6ED000FB6B16 /* DoubleExtension.swift */,
			);
			path = Extension;
			sourceTree = "<group>";
		};
		3F559798213F7E6E00FB6B16 /* Utility */ = {
			isa = PBXGroup;
			children = (
				3F559799213F7E8D00FB6B16 /* Helper.swift */,
			);
			path = Utility;
			sourceTree = "<group>";
		};
		61E753CA36B8C0900356A4D9 /* Pods */ = {
			isa = PBXGroup;
			children = (
				77248E62258093E6A22AA33E /* Pods-Coffee Luguo.debug.xcconfig */,
				59ED8DE3BAE0E0ED926DDA6F /* Pods-Coffee Luguo.release.xcconfig */,
				11B80776503F901D40FBA613 /* Pods-Coffee LuguoTests.debug.xcconfig */,
				ADC08E2D94C38F4AB9284523 /* Pods-Coffee LuguoTests.release.xcconfig */,
				1798146D4E86845176B63A4D /* Pods-Coffee LuguoUITests.debug.xcconfig */,
				82538998FEB18DF429C60A79 /* Pods-Coffee LuguoUITests.release.xcconfig */,
			);
			name = Pods;
			sourceTree = "<group>";
		};
		A1E18CFBE2FD2ABD146C93B1 /* Frameworks */ = {
			isa = PBXGroup;
			children = (
				3F4C1A99213DF65900233F4E /* libsqlite3.tbd */,
				3F4C1A9A213DF65900233F4E /* libz.tbd */,
				AC1AA0001BAD356900221043 /* Parse.framework */,
				3F4C1A93213DF64B00233F4E /* SystemConfiguration.framework */,
				3F4C1A97213DF64B00233F4E /* StoreKit.framework */,
				3F4C1A96213DF64B00233F4E /* Security.framework */,
				3F4C1A98213DF64B00233F4E /* QuartzCore.framework */,
				3F4C1A91213DF64A00233F4E /* CoreGraphics.framework */,
				3F4C1A95213DF64B00233F4E /* CoreLocation.framework */,
				3F4C1A92213DF64A00233F4E /* CFNetwork.framework */,
				3F4C1A94213DF64B00233F4E /* AudioToolbox.framework */,
				AC5DC2121BAD6C1100D01AF6 /* youtube-ios-player-helper */,
				15DCC55131F2579407ABBDFB /* Pods_Coffee_Luguo.framework */,
				6AE1CCED159E600B22AAE6B0 /* Pods_Coffee_LuguoTests.framework */,
				ACA6E1BCCE04559B352D09ED /* Pods_Coffee_LuguoUITests.framework */,
			);
			name = Frameworks;
			sourceTree = "<group>";
		};
		AC1A9FC31BAD2E0A00221043 = {
			isa = PBXGroup;
			children = (
				AC1AA0181BAD362700221043 /* libsqlite3.tbd */,
				AC1AA0161BAD35FC00221043 /* libz.tbd */,
				AC1A9FCE1BAD2E0A00221043 /* Coffee Luguo */,
				AC1A9FE61BAD2E0A00221043 /* Coffee LuguoTests */,
				AC1A9FF11BAD2E0A00221043 /* Coffee LuguoUITests */,
				AC1A9FCD1BAD2E0A00221043 /* Products */,
				A1E18CFBE2FD2ABD146C93B1 /* Frameworks */,
				61E753CA36B8C0900356A4D9 /* Pods */,
			);
			sourceTree = "<group>";
		};
		AC1A9FCD1BAD2E0A00221043 /* Products */ = {
			isa = PBXGroup;
			children = (
				AC1A9FCC1BAD2E0A00221043 /* Coffee Luguo.app */,
				AC1A9FE31BAD2E0A00221043 /* Coffee LuguoTests.xctest */,
				AC1A9FEE1BAD2E0A00221043 /* Coffee LuguoUITests.xctest */,
			);
			name = Products;
			sourceTree = "<group>";
		};
		AC1A9FCE1BAD2E0A00221043 /* Coffee Luguo */ = {
			isa = PBXGroup;
			children = (
				3F55978E213E96C400FB6B16 /* Model */,
				3F42D682213E24B400BE59D1 /* QRcode */,
				3F077762213E1E39003F8D59 /* 會員區 */,
				3F077761213E1E2E003F8D59 /* 提問區 */,
				AC1A9FD31BAD2E0A00221043 /* Main.storyboard */,
				AC1A9FCF1BAD2E0A00221043 /* AppDelegate.swift */,
				3FC5470F213E89ED0075C76C /* LoginViewController.swift */,
				AC1A9FD11BAD2E0A00221043 /* ViewController.swift */,
				AC5DC1D41BAD517700D01AF6 /* IntroViewController.swift */,
				AC5DC21E1BAD8E1C00D01AF6 /* ResultViewController.swift */,
				AC5DC1D81BAD585A00D01AF6 /* Header-Bridge.h */,
				5F75E96D1BADF20300A07C75 /* Paws-Bridging-Header.h */,
				AC1A9FD91BAD2E0A00221043 /* Assets.xcassets */,
				AC1A9FDB1BAD2E0A00221043 /* LaunchScreen.storyboard */,
				AC1A9FDE1BAD2E0A00221043 /* Info.plist */,
			);
			path = "Coffee Luguo";
			sourceTree = "<group>";
		};
		AC1A9FE61BAD2E0A00221043 /* Coffee LuguoTests */ = {
			isa = PBXGroup;
			children = (
				AC1A9FE71BAD2E0A00221043 /* Coffee_LuguoTests.swift */,
				AC1A9FE91BAD2E0A00221043 /* Info.plist */,
			);
			path = "Coffee LuguoTests";
			sourceTree = "<group>";
		};
		AC1A9FF11BAD2E0A00221043 /* Coffee LuguoUITests */ = {
			isa = PBXGroup;
			children = (
				AC1A9FF21BAD2E0A00221043 /* Coffee_LuguoUITests.swift */,
				AC1A9FF41BAD2E0A00221043 /* Info.plist */,
			);
			path = "Coffee LuguoUITests";
			sourceTree = "<group>";
		};
		AC5DC2121BAD6C1100D01AF6 /* youtube-ios-player-helper */ = {
			isa = PBXGroup;
			children = (
				AC5DC2131BAD6C1100D01AF6 /* Assets */,
				AC5DC2151BAD6C1100D01AF6 /* Classes */,
				AC5DC2181BAD6C1100D01AF6 /* LICENSE */,
				AC5DC2191BAD6C1100D01AF6 /* README.md */,
			);
			name = "youtube-ios-player-helper";
			path = "Coffee Luguo/youtube-ios-player-helper";
			sourceTree = "<group>";
		};
		AC5DC2131BAD6C1100D01AF6 /* Assets */ = {
			isa = PBXGroup;
			children = (
				AC5DC2141BAD6C1100D01AF6 /* YTPlayerView-iframe-player.html */,
			);
			path = Assets;
			sourceTree = "<group>";
		};
		AC5DC2151BAD6C1100D01AF6 /* Classes */ = {
			isa = PBXGroup;
			children = (
				AC5DC2161BAD6C1100D01AF6 /* YTPlayerView.h */,
				AC5DC2171BAD6C1100D01AF6 /* YTPlayerView.m */,
			);
			path = Classes;
			sourceTree = "<group>";
		};
/* End PBXGroup section */

/* Begin PBXNativeTarget section */
		AC1A9FCB1BAD2E0A00221043 /* Coffee Luguo */ = {
			isa = PBXNativeTarget;
			buildConfigurationList = AC1A9FF71BAD2E0A00221043 /* Build configuration list for PBXNativeTarget "Coffee Luguo" */;
			buildPhases = (
				5C2B5090638A17F6092B2FE5 /* [CP] Check Pods Manifest.lock */,
				AC1A9FC81BAD2E0A00221043 /* Sources */,
				AC1A9FC91BAD2E0A00221043 /* Frameworks */,
				AC1A9FCA1BAD2E0A00221043 /* Resources */,
				DDB89199FD7CB9C01D5498B4 /* [CP] Embed Pods Frameworks */,
			);
			buildRules = (
			);
			dependencies = (
			);
			name = "Coffee Luguo";
			productName = "Coffee Luguo";
			productReference = AC1A9FCC1BAD2E0A00221043 /* Coffee Luguo.app */;
			productType = "com.apple.product-type.application";
		};
		AC1A9FE21BAD2E0A00221043 /* Coffee LuguoTests */ = {
			isa = PBXNativeTarget;
			buildConfigurationList = AC1A9FFA1BAD2E0A00221043 /* Build configuration list for PBXNativeTarget "Coffee LuguoTests" */;
			buildPhases = (
				C98E86CF10267E3289B4D2C0 /* [CP] Check Pods Manifest.lock */,
				AC1A9FDF1BAD2E0A00221043 /* Sources */,
				AC1A9FE01BAD2E0A00221043 /* Frameworks */,
				AC1A9FE11BAD2E0A00221043 /* Resources */,
			);
			buildRules = (
			);
			dependencies = (
				AC1A9FE51BAD2E0A00221043 /* PBXTargetDependency */,
			);
			name = "Coffee LuguoTests";
			productName = "Coffee LuguoTests";
			productReference = AC1A9FE31BAD2E0A00221043 /* Coffee LuguoTests.xctest */;
			productType = "com.apple.product-type.bundle.unit-test";
		};
		AC1A9FED1BAD2E0A00221043 /* Coffee LuguoUITests */ = {
			isa = PBXNativeTarget;
			buildConfigurationList = AC1A9FFD1BAD2E0A00221043 /* Build configuration list for PBXNativeTarget "Coffee LuguoUITests" */;
			buildPhases = (
				2523C548E0E9F536A93123FF /* [CP] Check Pods Manifest.lock */,
				AC1A9FEA1BAD2E0A00221043 /* Sources */,
				AC1A9FEB1BAD2E0A00221043 /* Frameworks */,
				AC1A9FEC1BAD2E0A00221043 /* Resources */,
			);
			buildRules = (
			);
			dependencies = (
				AC1A9FF01BAD2E0A00221043 /* PBXTargetDependency */,
			);
			name = "Coffee LuguoUITests";
			productName = "Coffee LuguoUITests";
			productReference = AC1A9FEE1BAD2E0A00221043 /* Coffee LuguoUITests.xctest */;
			productType = "com.apple.product-type.bundle.ui-testing";
		};
/* End PBXNativeTarget section */

/* Begin PBXProject section */
		AC1A9FC41BAD2E0A00221043 /* Project object */ = {
			isa = PBXProject;
			attributes = {
				LastSwiftMigration = 0700;
				LastSwiftUpdateCheck = 0700;
				LastUpgradeCheck = 0700;
				ORGANIZATIONNAME = "陳冠宇";
				TargetAttributes = {
					AC1A9FCB1BAD2E0A00221043 = {
						CreatedOnToolsVersion = 7.0;
						DevelopmentTeam = 4VS4GFB76H;
					};
					AC1A9FE21BAD2E0A00221043 = {
						CreatedOnToolsVersion = 7.0;
						TestTargetID = AC1A9FCB1BAD2E0A00221043;
					};
					AC1A9FED1BAD2E0A00221043 = {
						CreatedOnToolsVersion = 7.0;
						TestTargetID = AC1A9FCB1BAD2E0A00221043;
					};
				};
			};
			buildConfigurationList = AC1A9FC71BAD2E0A00221043 /* Build configuration list for PBXProject "Coffee Luguo" */;
			compatibilityVersion = "Xcode 3.2";
			developmentRegion = English;
			hasScannedForEncodings = 0;
			knownRegions = (
				en,
				Base,
			);
			mainGroup = AC1A9FC31BAD2E0A00221043;
			productRefGroup = AC1A9FCD1BAD2E0A00221043 /* Products */;
			projectDirPath = "";
			projectRoot = "";
			targets = (
				AC1A9FCB1BAD2E0A00221043 /* Coffee Luguo */,
				AC1A9FE21BAD2E0A00221043 /* Coffee LuguoTests */,
				AC1A9FED1BAD2E0A00221043 /* Coffee LuguoUITests */,
			);
		};
/* End PBXProject section */

/* Begin PBXResourcesBuildPhase section */
		AC1A9FCA1BAD2E0A00221043 /* Resources */ = {
			isa = PBXResourcesBuildPhase;
			buildActionMask = 2147483647;
			files = (
				AC1A9FDD1BAD2E0A00221043 /* LaunchScreen.storyboard in Resources */,
				AC1A9FDA1BAD2E0A00221043 /* Assets.xcassets in Resources */,
				AC5DC21A1BAD6C1100D01AF6 /* YTPlayerView-iframe-player.html in Resources */,
				AC1A9FD51BAD2E0A00221043 /* Main.storyboard in Resources */,
				AC5DC21C1BAD6C1100D01AF6 /* LICENSE in Resources */,
			);
			runOnlyForDeploymentPostprocessing = 0;
		};
		AC1A9FE11BAD2E0A00221043 /* Resources */ = {
			isa = PBXResourcesBuildPhase;
			buildActionMask = 2147483647;
			files = (
			);
			runOnlyForDeploymentPostprocessing = 0;
		};
		AC1A9FEC1BAD2E0A00221043 /* Resources */ = {
			isa = PBXResourcesBuildPhase;
			buildActionMask = 2147483647;
			files = (
			);
			runOnlyForDeploymentPostprocessing = 0;
		};
/* End PBXResourcesBuildPhase section */

/* Begin PBXShellScriptBuildPhase section */
		2523C548E0E9F536A93123FF /* [CP] Check Pods Manifest.lock */ = {
			isa = PBXShellScriptBuildPhase;
			buildActionMask = 2147483647;
			files = (
			);
			inputPaths = (
				"${PODS_PODFILE_DIR_PATH}/Podfile.lock",
				"${PODS_ROOT}/Manifest.lock",
			);
			name = "[CP] Check Pods Manifest.lock";
			outputPaths = (
				"$(DERIVED_FILE_DIR)/Pods-Coffee LuguoUITests-checkManifestLockResult.txt",
			);
			runOnlyForDeploymentPostprocessing = 0;
			shellPath = /bin/sh;
			shellScript = "diff \"${PODS_PODFILE_DIR_PATH}/Podfile.lock\" \"${PODS_ROOT}/Manifest.lock\" > /dev/null\nif [ $? != 0 ] ; then\n    # print error to STDERR\n    echo \"error: The sandbox is not in sync with the Podfile.lock. Run 'pod install' or update your CocoaPods installation.\" >&2\n    exit 1\nfi\n# This output is used by Xcode 'outputs' to avoid re-running this script phase.\necho \"SUCCESS\" > \"${SCRIPT_OUTPUT_FILE_0}\"\n";
			showEnvVarsInLog = 0;
		};
		5C2B5090638A17F6092B2FE5 /* [CP] Check Pods Manifest.lock */ = {
			isa = PBXShellScriptBuildPhase;
			buildActionMask = 2147483647;
			files = (
			);
			inputPaths = (
				"${PODS_PODFILE_DIR_PATH}/Podfile.lock",
				"${PODS_ROOT}/Manifest.lock",
			);
			name = "[CP] Check Pods Manifest.lock";
			outputPaths = (
				"$(DERIVED_FILE_DIR)/Pods-Coffee Luguo-checkManifestLockResult.txt",
			);
			runOnlyForDeploymentPostprocessing = 0;
			shellPath = /bin/sh;
			shellScript = "diff \"${PODS_PODFILE_DIR_PATH}/Podfile.lock\" \"${PODS_ROOT}/Manifest.lock\" > /dev/null\nif [ $? != 0 ] ; then\n    # print error to STDERR\n    echo \"error: The sandbox is not in sync with the Podfile.lock. Run 'pod install' or update your CocoaPods installation.\" >&2\n    exit 1\nfi\n# This output is used by Xcode 'outputs' to avoid re-running this script phase.\necho \"SUCCESS\" > \"${SCRIPT_OUTPUT_FILE_0}\"\n";
			showEnvVarsInLog = 0;
		};
		C98E86CF10267E3289B4D2C0 /* [CP] Check Pods Manifest.lock */ = {
			isa = PBXShellScriptBuildPhase;
			buildActionMask = 2147483647;
			files = (
			);
			inputPaths = (
				"${PODS_PODFILE_DIR_PATH}/Podfile.lock",
				"${PODS_ROOT}/Manifest.lock",
			);
			name = "[CP] Check Pods Manifest.lock";
			outputPaths = (
				"$(DERIVED_FILE_DIR)/Pods-Coffee LuguoTests-checkManifestLockResult.txt",
			);
			runOnlyForDeploymentPostprocessing = 0;
			shellPath = /bin/sh;
			shellScript = "diff \"${PODS_PODFILE_DIR_PATH}/Podfile.lock\" \"${PODS_ROOT}/Manifest.lock\" > /dev/null\nif [ $? != 0 ] ; then\n    # print error to STDERR\n    echo \"error: The sandbox is not in sync with the Podfile.lock. Run 'pod install' or update your CocoaPods installation.\" >&2\n    exit 1\nfi\n# This output is used by Xcode 'outputs' to avoid re-running this script phase.\necho \"SUCCESS\" > \"${SCRIPT_OUTPUT_FILE_0}\"\n";
			showEnvVarsInLog = 0;
		};
		DDB89199FD7CB9C01D5498B4 /* [CP] Embed Pods Frameworks */ = {
			isa = PBXShellScriptBuildPhase;
			buildActionMask = 2147483647;
			files = (
			);
			inputPaths = (
				"${SRCROOT}/Pods/Target Support Files/Pods-Coffee Luguo/Pods-Coffee Luguo-frameworks.sh",
				"${BUILT_PRODUCTS_DIR}/Bolts/Bolts.framework",
				"${BUILT_PRODUCTS_DIR}/FBSDKCoreKit/FBSDKCoreKit.framework",
				"${BUILT_PRODUCTS_DIR}/FBSDKLoginKit/FBSDKLoginKit.framework",
				"${BUILT_PRODUCTS_DIR}/FBSDKShareKit/FBSDKShareKit.framework",
				"${BUILT_PRODUCTS_DIR}/FacebookCore/FacebookCore.framework",
				"${BUILT_PRODUCTS_DIR}/FacebookLogin/FacebookLogin.framework",
				"${BUILT_PRODUCTS_DIR}/FacebookShare/FacebookShare.framework",
				"${BUILT_PRODUCTS_DIR}/ObjectMapper/ObjectMapper.framework",
				"${BUILT_PRODUCTS_DIR}/Realm/Realm.framework",
				"${BUILT_PRODUCTS_DIR}/RealmSwift/RealmSwift.framework",
				"${BUILT_PRODUCTS_DIR}/youtube-ios-player-helper/youtube_ios_player_helper.framework",
			);
			name = "[CP] Embed Pods Frameworks";
			outputPaths = (
				"${TARGET_BUILD_DIR}/${FRAMEWORKS_FOLDER_PATH}/Bolts.framework",
				"${TARGET_BUILD_DIR}/${FRAMEWORKS_FOLDER_PATH}/FBSDKCoreKit.framework",
				"${TARGET_BUILD_DIR}/${FRAMEWORKS_FOLDER_PATH}/FBSDKLoginKit.framework",
				"${TARGET_BUILD_DIR}/${FRAMEWORKS_FOLDER_PATH}/FBSDKShareKit.framework",
				"${TARGET_BUILD_DIR}/${FRAMEWORKS_FOLDER_PATH}/FacebookCore.framework",
				"${TARGET_BUILD_DIR}/${FRAMEWORKS_FOLDER_PATH}/FacebookLogin.framework",
				"${TARGET_BUILD_DIR}/${FRAMEWORKS_FOLDER_PATH}/FacebookShare.framework",
				"${TARGET_BUILD_DIR}/${FRAMEWORKS_FOLDER_PATH}/ObjectMapper.framework",
				"${TARGET_BUILD_DIR}/${FRAMEWORKS_FOLDER_PATH}/Realm.framework",
				"${TARGET_BUILD_DIR}/${FRAMEWORKS_FOLDER_PATH}/RealmSwift.framework",
				"${TARGET_BUILD_DIR}/${FRAMEWORKS_FOLDER_PATH}/youtube_ios_player_helper.framework",
			);
			runOnlyForDeploymentPostprocessing = 0;
			shellPath = /bin/sh;
			shellScript = "\"${SRCROOT}/Pods/Target Support Files/Pods-Coffee Luguo/Pods-Coffee Luguo-frameworks.sh\"\n";
			showEnvVarsInLog = 0;
		};
/* End PBXShellScriptBuildPhase section */

/* Begin PBXSourcesBuildPhase section */
		AC1A9FC81BAD2E0A00221043 /* Sources */ = {
			isa = PBXSourcesBuildPhase;
			buildActionMask = 2147483647;
			files = (
				AC5DC1D71BAD518A00D01AF6 /* QuestViewController.swift in Sources */,
				AC1A9FD21BAD2E0A00221043 /* ViewController.swift in Sources */,
				AC5DC21B1BAD6C1100D01AF6 /* YTPlayerView.m in Sources */,
				3F559791213E96F900FB6B16 /* RLM_User.swift in Sources */,
				3FD3378C213DF14E002D18FF /* ContactsDetiaViewController.swift in Sources */,
				3FC54710213E89ED0075C76C /* LoginViewController.swift in Sources */,
				3FD3378E213DF14E002D18FF /* ProfileViewController.swift in Sources */,
				3FD3378D213DF14E002D18FF /* MyCoffeeTableViewCell.swift in Sources */,
				5FD728261BAE782F0065B71A /* QRcodeViewController.swift in Sources */,
				AC5DC21F1BAD8E1C00D01AF6 /* ResultViewController.swift in Sources */,
				3F559793213F6B1300FB6B16 /* RealmMigration.swift in Sources */,
				3F55979A213F7E8D00FB6B16 /* Helper.swift in Sources */,
				3FD3378F213DF14E002D18FF /* cellTableViewCell.swift in Sources */,
				3F559796213F6ED000FB6B16 /* DoubleExtension.swift in Sources */,
				3FD33791213DF14E002D18FF /* CoffeeCardViewController.swift in Sources */,
				AC5DC21D1BAD6C1100D01AF6 /* README.md in Sources */,
				5FD728281BAE7B6D0065B71A /* ShowQroceViewController.swift in Sources */,
				AC1A9FD01BAD2E0A00221043 /* AppDelegate.swift in Sources */,
				AC5DC1D51BAD517700D01AF6 /* IntroViewController.swift in Sources */,
				3FD33790213DF14E002D18FF /* MyCoffeeViewController.swift in Sources */,
				3FD33792213DF14E002D18FF /* ContactsDetialTableViewCell.swift in Sources */,
				3FD3378B213DF14E002D18FF /* imageTableViewCell.swift in Sources */,
			);
			runOnlyForDeploymentPostprocessing = 0;
		};
		AC1A9FDF1BAD2E0A00221043 /* Sources */ = {
			isa = PBXSourcesBuildPhase;
			buildActionMask = 2147483647;
			files = (
				AC1A9FE81BAD2E0A00221043 /* Coffee_LuguoTests.swift in Sources */,
			);
			runOnlyForDeploymentPostprocessing = 0;
		};
		AC1A9FEA1BAD2E0A00221043 /* Sources */ = {
			isa = PBXSourcesBuildPhase;
			buildActionMask = 2147483647;
			files = (
				AC1A9FF31BAD2E0A00221043 /* Coffee_LuguoUITests.swift in Sources */,
			);
			runOnlyForDeploymentPostprocessing = 0;
		};
/* End PBXSourcesBuildPhase section */

/* Begin PBXTargetDependency section */
		AC1A9FE51BAD2E0A00221043 /* PBXTargetDependency */ = {
			isa = PBXTargetDependency;
			target = AC1A9FCB1BAD2E0A00221043 /* Coffee Luguo */;
			targetProxy = AC1A9FE41BAD2E0A00221043 /* PBXContainerItemProxy */;
		};
		AC1A9FF01BAD2E0A00221043 /* PBXTargetDependency */ = {
			isa = PBXTargetDependency;
			target = AC1A9FCB1BAD2E0A00221043 /* Coffee Luguo */;
			targetProxy = AC1A9FEF1BAD2E0A00221043 /* PBXContainerItemProxy */;
		};
/* End PBXTargetDependency section */

/* Begin PBXVariantGroup section */
		AC1A9FD31BAD2E0A00221043 /* Main.storyboard */ = {
			isa = PBXVariantGroup;
			children = (
				AC1A9FD41BAD2E0A00221043 /* Base */,
			);
			name = Main.storyboard;
			sourceTree = "<group>";
		};
		AC1A9FDB1BAD2E0A00221043 /* LaunchScreen.storyboard */ = {
			isa = PBXVariantGroup;
			children = (
				AC1A9FDC1BAD2E0A00221043 /* Base */,
			);
			name = LaunchScreen.storyboard;
			sourceTree = "<group>";
		};
/* End PBXVariantGroup section */

/* Begin XCBuildConfiguration section */
		AC1A9FF51BAD2E0A00221043 /* Debug */ = {
			isa = XCBuildConfiguration;
			buildSettings = {
				ALWAYS_SEARCH_USER_PATHS = NO;
				CLANG_CXX_LANGUAGE_STANDARD = "gnu++0x";
				CLANG_CXX_LIBRARY = "libc++";
				CLANG_ENABLE_MODULES = YES;
				CLANG_ENABLE_OBJC_ARC = YES;
				CLANG_WARN_BOOL_CONVERSION = YES;
				CLANG_WARN_CONSTANT_CONVERSION = YES;
				CLANG_WARN_DIRECT_OBJC_ISA_USAGE = YES_ERROR;
				CLANG_WARN_EMPTY_BODY = YES;
				CLANG_WARN_ENUM_CONVERSION = YES;
				CLANG_WARN_INT_CONVERSION = YES;
				CLANG_WARN_OBJC_ROOT_CLASS = YES_ERROR;
				CLANG_WARN_UNREACHABLE_CODE = YES;
				CLANG_WARN__DUPLICATE_METHOD_MATCH = YES;
				"CODE_SIGN_IDENTITY[sdk=iphoneos*]" = "iPhone Developer";
				COPY_PHASE_STRIP = NO;
				DEBUG_INFORMATION_FORMAT = dwarf;
				ENABLE_STRICT_OBJC_MSGSEND = YES;
				ENABLE_TESTABILITY = YES;
				GCC_C_LANGUAGE_STANDARD = gnu99;
				GCC_DYNAMIC_NO_PIC = NO;
				GCC_NO_COMMON_BLOCKS = YES;
				GCC_OPTIMIZATION_LEVEL = 0;
				GCC_PREPROCESSOR_DEFINITIONS = (
					"DEBUG=1",
					"$(inherited)",
				);
				GCC_WARN_64_TO_32_BIT_CONVERSION = YES;
				GCC_WARN_ABOUT_RETURN_TYPE = YES_ERROR;
				GCC_WARN_UNDECLARED_SELECTOR = YES;
				GCC_WARN_UNINITIALIZED_AUTOS = YES_AGGRESSIVE;
				GCC_WARN_UNUSED_FUNCTION = YES;
				GCC_WARN_UNUSED_VARIABLE = YES;
				IPHONEOS_DEPLOYMENT_TARGET = 11.4;
				MTL_ENABLE_DEBUG_INFO = YES;
				ONLY_ACTIVE_ARCH = YES;
				SDKROOT = iphoneos;
				SWIFT_OPTIMIZATION_LEVEL = "-Onone";
				SWIFT_VERSION = 4.0;
				TARGETED_DEVICE_FAMILY = "1,2";
			};
			name = Debug;
		};
		AC1A9FF61BAD2E0A00221043 /* Release */ = {
			isa = XCBuildConfiguration;
			buildSettings = {
				ALWAYS_SEARCH_USER_PATHS = NO;
				CLANG_CXX_LANGUAGE_STANDARD = "gnu++0x";
				CLANG_CXX_LIBRARY = "libc++";
				CLANG_ENABLE_MODULES = YES;
				CLANG_ENABLE_OBJC_ARC = YES;
				CLANG_WARN_BOOL_CONVERSION = YES;
				CLANG_WARN_CONSTANT_CONVERSION = YES;
				CLANG_WARN_DIRECT_OBJC_ISA_USAGE = YES_ERROR;
				CLANG_WARN_EMPTY_BODY = YES;
				CLANG_WARN_ENUM_CONVERSION = YES;
				CLANG_WARN_INT_CONVERSION = YES;
				CLANG_WARN_OBJC_ROOT_CLASS = YES_ERROR;
				CLANG_WARN_UNREACHABLE_CODE = YES;
				CLANG_WARN__DUPLICATE_METHOD_MATCH = YES;
				"CODE_SIGN_IDENTITY[sdk=iphoneos*]" = "iPhone Developer";
				COPY_PHASE_STRIP = NO;
				DEBUG_INFORMATION_FORMAT = "dwarf-with-dsym";
				ENABLE_NS_ASSERTIONS = NO;
				ENABLE_STRICT_OBJC_MSGSEND = YES;
				GCC_C_LANGUAGE_STANDARD = gnu99;
				GCC_NO_COMMON_BLOCKS = YES;
				GCC_WARN_64_TO_32_BIT_CONVERSION = YES;
				GCC_WARN_ABOUT_RETURN_TYPE = YES_ERROR;
				GCC_WARN_UNDECLARED_SELECTOR = YES;
				GCC_WARN_UNINITIALIZED_AUTOS = YES_AGGRESSIVE;
				GCC_WARN_UNUSED_FUNCTION = YES;
				GCC_WARN_UNUSED_VARIABLE = YES;
				IPHONEOS_DEPLOYMENT_TARGET = 11.4;
				MTL_ENABLE_DEBUG_INFO = NO;
				SDKROOT = iphoneos;
				SWIFT_VERSION = 4.0;
				TARGETED_DEVICE_FAMILY = "1,2";
				VALIDATE_PRODUCT = YES;
			};
			name = Release;
		};
		AC1A9FF81BAD2E0A00221043 /* Debug */ = {
			isa = XCBuildConfiguration;
			baseConfigurationReference = 77248E62258093E6A22AA33E /* Pods-Coffee Luguo.debug.xcconfig */;
			buildSettings = {
				ASSETCATALOG_COMPILER_APPICON_NAME = AppIcon;
				DEVELOPMENT_TEAM = 4VS4GFB76H;
				FRAMEWORK_SEARCH_PATHS = (
					"$(inherited)",
					"$(PROJECT_DIR)",
				);
				INFOPLIST_FILE = "Coffee Luguo/Info.plist";
				LD_RUNPATH_SEARCH_PATHS = "$(inherited) @executable_path/Frameworks";
				PRODUCT_BUNDLE_IDENTIFIER = "com.LaiBit.Coffee-Luguo";
				PRODUCT_NAME = "$(TARGET_NAME)";
				SWIFT_OBJC_BRIDGING_HEADER = "Coffee Luguo/Header-Bridge.h";
			};
			name = Debug;
		};
		AC1A9FF91BAD2E0A00221043 /* Release */ = {
			isa = XCBuildConfiguration;
			baseConfigurationReference = 59ED8DE3BAE0E0ED926DDA6F /* Pods-Coffee Luguo.release.xcconfig */;
			buildSettings = {
				ASSETCATALOG_COMPILER_APPICON_NAME = AppIcon;
				DEVELOPMENT_TEAM = 4VS4GFB76H;
				FRAMEWORK_SEARCH_PATHS = (
					"$(inherited)",
					"$(PROJECT_DIR)",
				);
				INFOPLIST_FILE = "Coffee Luguo/Info.plist";
				LD_RUNPATH_SEARCH_PATHS = "$(inherited) @executable_path/Frameworks";
				PRODUCT_BUNDLE_IDENTIFIER = "com.LaiBit.Coffee-Luguo";
				PRODUCT_NAME = "$(TARGET_NAME)";
				SWIFT_OBJC_BRIDGING_HEADER = "Coffee Luguo/Header-Bridge.h";
			};
			name = Release;
		};
		AC1A9FFB1BAD2E0A00221043 /* Debug */ = {
			isa = XCBuildConfiguration;
			baseConfigurationReference = 11B80776503F901D40FBA613 /* Pods-Coffee LuguoTests.debug.xcconfig */;
			buildSettings = {
				BUNDLE_LOADER = "$(TEST_HOST)";
				INFOPLIST_FILE = "Coffee LuguoTests/Info.plist";
				LD_RUNPATH_SEARCH_PATHS = "$(inherited) @executable_path/Frameworks @loader_path/Frameworks";
				PRODUCT_BUNDLE_IDENTIFIER = "Morpheus.Coffee-LuguoTests";
				PRODUCT_NAME = "$(TARGET_NAME)";
				TEST_HOST = "$(BUILT_PRODUCTS_DIR)/Coffee Luguo.app/Coffee Luguo";
			};
			name = Debug;
		};
		AC1A9FFC1BAD2E0A00221043 /* Release */ = {
			isa = XCBuildConfiguration;
			baseConfigurationReference = ADC08E2D94C38F4AB9284523 /* Pods-Coffee LuguoTests.release.xcconfig */;
			buildSettings = {
				BUNDLE_LOADER = "$(TEST_HOST)";
				INFOPLIST_FILE = "Coffee LuguoTests/Info.plist";
				LD_RUNPATH_SEARCH_PATHS = "$(inherited) @executable_path/Frameworks @loader_path/Frameworks";
				PRODUCT_BUNDLE_IDENTIFIER = "Morpheus.Coffee-LuguoTests";
				PRODUCT_NAME = "$(TARGET_NAME)";
				TEST_HOST = "$(BUILT_PRODUCTS_DIR)/Coffee Luguo.app/Coffee Luguo";
			};
			name = Release;
		};
		AC1A9FFE1BAD2E0A00221043 /* Debug */ = {
			isa = XCBuildConfiguration;
			baseConfigurationReference = 1798146D4E86845176B63A4D /* Pods-Coffee LuguoUITests.debug.xcconfig */;
			buildSettings = {
				INFOPLIST_FILE = "Coffee LuguoUITests/Info.plist";
				LD_RUNPATH_SEARCH_PATHS = "$(inherited) @executable_path/Frameworks @loader_path/Frameworks";
				PRODUCT_BUNDLE_IDENTIFIER = "Morpheus.Coffee-LuguoUITests";
				PRODUCT_NAME = "$(TARGET_NAME)";
				TEST_TARGET_NAME = "Coffee Luguo";
				USES_XCTRUNNER = YES;
			};
			name = Debug;
		};
		AC1A9FFF1BAD2E0A00221043 /* Release */ = {
			isa = XCBuildConfiguration;
			baseConfigurationReference = 82538998FEB18DF429C60A79 /* Pods-Coffee LuguoUITests.release.xcconfig */;
			buildSettings = {
				INFOPLIST_FILE = "Coffee LuguoUITests/Info.plist";
				LD_RUNPATH_SEARCH_PATHS = "$(inherited) @executable_path/Frameworks @loader_path/Frameworks";
				PRODUCT_BUNDLE_IDENTIFIER = "Morpheus.Coffee-LuguoUITests";
				PRODUCT_NAME = "$(TARGET_NAME)";
				TEST_TARGET_NAME = "Coffee Luguo";
				USES_XCTRUNNER = YES;
			};
			name = Release;
		};
/* End XCBuildConfiguration section */

/* Begin XCConfigurationList section */
		AC1A9FC71BAD2E0A00221043 /* Build configuration list for PBXProject "Coffee Luguo" */ = {
			isa = XCConfigurationList;
			buildConfigurations = (
				AC1A9FF51BAD2E0A00221043 /* Debug */,
				AC1A9FF61BAD2E0A00221043 /* Release */,
			);
			defaultConfigurationIsVisible = 0;
			defaultConfigurationName = Release;
		};
		AC1A9FF71BAD2E0A00221043 /* Build configuration list for PBXNativeTarget "Coffee Luguo" */ = {
			isa = XCConfigurationList;
			buildConfigurations = (
				AC1A9FF81BAD2E0A00221043 /* Debug */,
				AC1A9FF91BAD2E0A00221043 /* Release */,
			);
			defaultConfigurationIsVisible = 0;
			defaultConfigurationName = Release;
		};
		AC1A9FFA1BAD2E0A00221043 /* Build configuration list for PBXNativeTarget "Coffee LuguoTests" */ = {
			isa = XCConfigurationList;
			buildConfigurations = (
				AC1A9FFB1BAD2E0A00221043 /* Debug */,
				AC1A9FFC1BAD2E0A00221043 /* Release */,
			);
			defaultConfigurationIsVisible = 0;
			defaultConfigurationName = Release;
		};
		AC1A9FFD1BAD2E0A00221043 /* Build configuration list for PBXNativeTarget "Coffee LuguoUITests" */ = {
			isa = XCConfigurationList;
			buildConfigurations = (
				AC1A9FFE1BAD2E0A00221043 /* Debug */,
				AC1A9FFF1BAD2E0A00221043 /* Release */,
			);
			defaultConfigurationIsVisible = 0;
			defaultConfigurationName = Release;
		};
/* End XCConfigurationList section */
	};
	rootObject = AC1A9FC41BAD2E0A00221043 /* Project object */;
}
