PODS:
  - Bolts/Tasks (1.2.2)
  - Parse (1.8.5):
    - Bolts/Tasks (>= 1.2.2)
  - youtube-ios-player-helper (0.1.4)

DEPENDENCIES:
  - Parse
  - youtube-ios-player-helper (~> 0.1.4)

SPEC REPOS:
  https://github.com/cocoapods/specs.git:
    - Bolts
    - Parse
    - youtube-ios-player-helper

SPEC CHECKSUMS:
  Bolts: 20a2bd788273360cb1e31530dc19b8544eef2544
  Parse: 17ad8e0677ed682f7f00503860fcda0f4eb74168
  youtube-ios-player-helper: 84b1485ebb4b7c6b619c6e05edcb55186723a7c6

PODFILE CHECKSUM: ddd4e39101d8a02bc18e03aaeb085bf63477e308

COCOAPODS: 1.5.3
